
Microsoft Visual Studio Solution File, Format Version 12.00
# Visual Studio 15
VisualStudioVersion = 15.0.28010.2016
MinimumVisualStudioVersion = 10.0.40219.1
Project("{FAE04EC0-301F-11D3-BF4B-00C04F79EFBC}") = "AutomationCore", "AutomationCore\AutomationCore.csproj", "{C98DF421-C2D5-465C-8472-B8458C8728EA}"
EndProject
Project("{FAE04EC0-301F-11D3-BF4B-00C04F79EFBC}") = "Components", "Components\Components.csproj", "{3DDD6289-E156-40D5-83CE-2AE216CCAC5F}"
EndProject
Project("{FAE04EC0-301F-11D3-BF4B-00C04F79EFBC}") = "Tests", "Tests\Tests.csproj", "{3C5BB016-E852-4CCB-A730-837C6C205173}"
EndProject
Project("{FAE04EC0-301F-11D3-BF4B-00C04F79EFBC}") = "Utilities", "Utilities\Utilities.csproj", "{39F52ECE-5430-4F2D-8B8C-16175353E289}"
EndProject
Global
	GlobalSection(SolutionConfigurationPlatforms) = preSolution
		Debug|Any CPU = Debug|Any CPU
		Debug|x86 = Debug|x86
		Release|Any CPU = Release|Any CPU
		Release|x86 = Release|x86
	EndGlobalSection
	GlobalSection(ProjectConfigurationPlatforms) = postSolution
		{C98DF421-C2D5-465C-8472-B8458C8728EA}.Debug|Any CPU.ActiveCfg = Debug|Any CPU
		{C98DF421-C2D5-465C-8472-B8458C8728EA}.Debug|Any CPU.Build.0 = Debug|Any CPU
		{C98DF421-C2D5-465C-8472-B8458C8728EA}.Debug|x86.ActiveCfg = Debug|x86
		{C98DF421-C2D5-465C-8472-B8458C8728EA}.Debug|x86.Build.0 = Debug|x86
		{C98DF421-C2D5-465C-8472-B8458C8728EA}.Release|Any CPU.ActiveCfg = Release|Any CPU
		{C98DF421-C2D5-465C-8472-B8458C8728EA}.Release|Any CPU.Build.0 = Release|Any CPU
		{C98DF421-C2D5-465C-8472-B8458C8728EA}.Release|x86.ActiveCfg = Release|x86
		{C98DF421-C2D5-465C-8472-B8458C8728EA}.Release|x86.Build.0 = Release|x86
		{3DDD6289-E156-40D5-83CE-2AE216CCAC5F}.Debug|Any CPU.ActiveCfg = Debug|Any CPU
		{3DDD6289-E156-40D5-83CE-2AE216CCAC5F}.Debug|Any CPU.Build.0 = Debug|Any CPU
		{3DDD6289-E156-40D5-83CE-2AE216CCAC5F}.Debug|x86.ActiveCfg = Debug|Any CPU
		{3DDD6289-E156-40D5-83CE-2AE216CCAC5F}.Debug|x86.Build.0 = Debug|Any CPU
		{3DDD6289-E156-40D5-83CE-2AE216CCAC5F}.Release|Any CPU.ActiveCfg = Release|Any CPU
		{3DDD6289-E156-40D5-83CE-2AE216CCAC5F}.Release|Any CPU.Build.0 = Release|Any CPU
		{3DDD6289-E156-40D5-83CE-2AE216CCAC5F}.Release|x86.ActiveCfg = Release|Any CPU
		{3DDD6289-E156-40D5-83CE-2AE216CCAC5F}.Release|x86.Build.0 = Release|Any CPU
		{3C5BB016-E852-4CCB-A730-837C6C205173}.Debug|Any CPU.ActiveCfg = Debug|Any CPU
		{3C5BB016-E852-4CCB-A730-837C6C205173}.Debug|Any CPU.Build.0 = Debug|Any CPU
		{3C5BB016-E852-4CCB-A730-837C6C205173}.Debug|x86.ActiveCfg = Debug|Any CPU
		{3C5BB016-E852-4CCB-A730-837C6C205173}.Debug|x86.Build.0 = Debug|Any CPU
		{3C5BB016-E852-4CCB-A730-837C6C205173}.Release|Any CPU.ActiveCfg = Release|Any CPU
		{3C5BB016-E852-4CCB-A730-837C6C205173}.Release|Any CPU.Build.0 = Release|Any CPU
		{3C5BB016-E852-4CCB-A730-837C6C205173}.Release|x86.ActiveCfg = Release|Any CPU
		{3C5BB016-E852-4CCB-A730-837C6C205173}.Release|x86.Build.0 = Release|Any CPU
		{39F52ECE-5430-4F2D-8B8C-16175353E289}.Debug|Any CPU.ActiveCfg = Debug|Any CPU
		{39F52ECE-5430-4F2D-8B8C-16175353E289}.Debug|Any CPU.Build.0 = Debug|Any CPU
		{39F52ECE-5430-4F2D-8B8C-16175353E289}.Debug|x86.ActiveCfg = Debug|Any CPU
		{39F52ECE-5430-4F2D-8B8C-16175353E289}.Debug|x86.Build.0 = Debug|Any CPU
		{39F52ECE-5430-4F2D-8B8C-16175353E289}.Release|Any CPU.ActiveCfg = Release|Any CPU
		{39F52ECE-5430-4F2D-8B8C-16175353E289}.Release|Any CPU.Build.0 = Release|Any CPU
		{39F52ECE-5430-4F2D-8B8C-16175353E289}.Release|x86.ActiveCfg = Release|Any CPU
		{39F52ECE-5430-4F2D-8B8C-16175353E289}.Release|x86.Build.0 = Release|Any CPU
	EndGlobalSection
	GlobalSection(SolutionProperties) = preSolution
		HideSolutionNode = FALSE
	EndGlobalSection
	GlobalSection(ExtensibilityGlobals) = postSolution
		SolutionGuid = {04C27F7D-B6F9-43F1-91FB-F3C75CCCB5AC}
	EndGlobalSection
EndGlobal
